
Microsoft Visual Studio Solution File, Format Version 12.00
# Visual Studio Version 17
VisualStudioVersion = 17.7.34031.279
MinimumVisualStudioVersion = 10.0.40219.1
Project("{8BC9CEB8-8B4A-11D0-8D11-00A0C91BC942}") = "Swapping-With-Matrix", "Swapping-With-Matrix.vcxproj", "{49022800-B588-4CB1-8D1F-789BFEBE837E}"
EndProject
Global
	GlobalSection(SolutionConfigurationPlatforms) = preSolution
		Debug|x64 = Debug|x64
		Debug|x86 = Debug|x86
		Release|x64 = Release|x64
		Release|x86 = Release|x86
	EndGlobalSection
	GlobalSection(ProjectConfigurationPlatforms) = postSolution
		{49022800-B588-4CB1-8D1F-789BFEBE837E}.Debug|x64.ActiveCfg = Debug|x64
		{49022800-B588-4CB1-8D1F-789BFEBE837E}.Debug|x64.Build.0 = Debug|x64
		{49022800-B588-4CB1-8D1F-789BFEBE837E}.Debug|x86.ActiveCfg = Debug|Win32
		{49022800-B588-4CB1-8D1F-789BFEBE837E}.Debug|x86.Build.0 = Debug|Win32
		{49022800-B588-4CB1-8D1F-789BFEBE837E}.Release|x64.ActiveCfg = Release|x64
		{49022800-B588-4CB1-8D1F-789BFEBE837E}.Release|x64.Build.0 = Release|x64
		{49022800-B588-4CB1-8D1F-789BFEBE837E}.Release|x86.ActiveCfg = Release|Win32
		{49022800-B588-4CB1-8D1F-789BFEBE837E}.Release|x86.Build.0 = Release|Win32
	EndGlobalSection
	GlobalSection(SolutionProperties) = preSolution
		HideSolutionNode = FALSE
	EndGlobalSection
	GlobalSection(ExtensibilityGlobals) = postSolution
		SolutionGuid = {D74C2C73-C889-4104-BDCF-C4E8AE19D0AE}
	EndGlobalSection
EndGlobal
