
Microsoft Visual Studio Solution File, Format Version 12.00
# Visual Studio Version 17
VisualStudioVersion = 17.7.34031.279
MinimumVisualStudioVersion = 10.0.40219.1
Project("{8BC9CEB8-8B4A-11D0-8D11-00A0C91BC942}") = "Equation", "Equation.vcxproj", "{070E1A32-0A3F-48B9-9F6C-CBC23327B8FD}"
EndProject
Global
	GlobalSection(SolutionConfigurationPlatforms) = preSolution
		Debug|x64 = Debug|x64
		Debug|x86 = Debug|x86
		Release|x64 = Release|x64
		Release|x86 = Release|x86
	EndGlobalSection
	GlobalSection(ProjectConfigurationPlatforms) = postSolution
		{070E1A32-0A3F-48B9-9F6C-CBC23327B8FD}.Debug|x64.ActiveCfg = Debug|x64
		{070E1A32-0A3F-48B9-9F6C-CBC23327B8FD}.Debug|x64.Build.0 = Debug|x64
		{070E1A32-0A3F-48B9-9F6C-CBC23327B8FD}.Debug|x86.ActiveCfg = Debug|Win32
		{070E1A32-0A3F-48B9-9F6C-CBC23327B8FD}.Debug|x86.Build.0 = Debug|Win32
		{070E1A32-0A3F-48B9-9F6C-CBC23327B8FD}.Release|x64.ActiveCfg = Release|x64
		{070E1A32-0A3F-48B9-9F6C-CBC23327B8FD}.Release|x64.Build.0 = Release|x64
		{070E1A32-0A3F-48B9-9F6C-CBC23327B8FD}.Release|x86.ActiveCfg = Release|Win32
		{070E1A32-0A3F-48B9-9F6C-CBC23327B8FD}.Release|x86.Build.0 = Release|Win32
	EndGlobalSection
	GlobalSection(SolutionProperties) = preSolution
		HideSolutionNode = FALSE
	EndGlobalSection
	GlobalSection(ExtensibilityGlobals) = postSolution
		SolutionGuid = {7C805644-270E-451E-BCF8-3182BD5B939D}
	EndGlobalSection
EndGlobal
